# THIS IS AN AUTOGENERATED FILE. DO NOT EDIT THIS FILE DIRECTLY.
# yarn lockfile v1


marked@^15.0.0:
  version "15.0.0"
  resolved "https://registry.yarnpkg.com/marked/-/marked-15.0.0.tgz#59fb02c19c98340c8668d911dc4b3a84b062a4a9"
  integrity sha512-0mouKmBROJv/WSHJBPZZyYofUgawMChnD5je/g+aOBXsHDjb/IsnTQj7mnhQZu+qPJmRQ0ecX3mLGEUm3BgwYA==
